
Microsoft Visual Studio Solution File, Format Version 12.00
# Visual Studio Version 16
VisualStudioVersion = 16.0.29020.237
MinimumVisualStudioVersion = 10.0.40219.1
Project("{9A19103F-16F7-4668-BE54-9A1E7A4F7556}") = "CCMonkeys.Web", "CCMonkeys.Web\CCMonkeys.Web.csproj", "{38A4782C-4297-4AD3-A2EE-B93F636E6321}"
EndProject
Project("{9A19103F-16F7-4668-BE54-9A1E7A4F7556}") = "CCMonkeys.Consoles.Test", "CCMonkeys.Consoles.Test\CCMonkeys.Consoles.Test.csproj", "{C7F42566-980A-4355-BA1B-B87EAC6756A1}"
EndProject
Project("{9A19103F-16F7-4668-BE54-9A1E7A4F7556}") = "CCMonkeys.Web.Core", "CCMonkeys.Web.Core\CCMonkeys.Web.Core.csproj", "{04552180-BD13-499F-955E-91B740A7A4D2}"
EndProject
Project("{9A19103F-16F7-4668-BE54-9A1E7A4F7556}") = "CCMonkeys.Sockets", "CCMonkeys.Sockets\CCMonkeys.Sockets.csproj", "{0C344AB1-7688-42E1-8560-1C0CF0938514}"
EndProject
Project("{9A19103F-16F7-4668-BE54-9A1E7A4F7556}") = "CCMonkeys.Web.Postbacks", "CCMonkeys.Web.Postbacks\CCMonkeys.Web.Postbacks.csproj", "{6B45B0EB-EA15-4945-9318-A0708E9FFB5F}"
EndProject
Project("{9A19103F-16F7-4668-BE54-9A1E7A4F7556}") = "CCMonkeys.Direct", "CCMonkeys.Direct\CCMonkeys.Direct.csproj", "{1C040CA7-A4A1-42A2-A3E2-FAC347024AFF}"
EndProject
Project("{FAE04EC0-301F-11D3-BF4B-00C04F79EFBC}") = "CCMonkeys.Desktop.WPF", "CCMonkeys.Desktop.WPF\CCMonkeys.Desktop.WPF.csproj", "{04F5C148-9FC0-4444-A9F3-AB2F0D0CC9CF}"
EndProject
Project("{9A19103F-16F7-4668-BE54-9A1E7A4F7556}") = "CCMonkeys.Consoles.Migration", "CCMonkeys.Consoles.Migration\CCMonkeys.Consoles.Migration.csproj", "{384A5378-01FD-45A9-8E7F-8DCBF4F2C815}"
EndProject
Project("{9A19103F-16F7-4668-BE54-9A1E7A4F7556}") = "CCMonkeys.Consoles.GenerateModels", "CCMonkeys.Consoles.GenerateModels\CCMonkeys.Consoles.GenerateModels.csproj", "{BF2379EE-90CC-4EE1-8C53-B20E7A637C3D}"
EndProject
Project("{9A19103F-16F7-4668-BE54-9A1E7A4F7556}") = "Direct", "..\Direct.V3\Direct.V3\Direct.csproj", "{89EF5881-D27A-4AA5-93EA-674CE15EA6FF}"
EndProject
Global
	GlobalSection(SolutionConfigurationPlatforms) = preSolution
		Debug|Any CPU = Debug|Any CPU
		Release|Any CPU = Release|Any CPU
	EndGlobalSection
	GlobalSection(ProjectConfigurationPlatforms) = postSolution
		{38A4782C-4297-4AD3-A2EE-B93F636E6321}.Debug|Any CPU.ActiveCfg = Debug|Any CPU
		{38A4782C-4297-4AD3-A2EE-B93F636E6321}.Debug|Any CPU.Build.0 = Debug|Any CPU
		{38A4782C-4297-4AD3-A2EE-B93F636E6321}.Release|Any CPU.ActiveCfg = Release|Any CPU
		{38A4782C-4297-4AD3-A2EE-B93F636E6321}.Release|Any CPU.Build.0 = Release|Any CPU
		{C7F42566-980A-4355-BA1B-B87EAC6756A1}.Debug|Any CPU.ActiveCfg = Debug|Any CPU
		{C7F42566-980A-4355-BA1B-B87EAC6756A1}.Debug|Any CPU.Build.0 = Debug|Any CPU
		{C7F42566-980A-4355-BA1B-B87EAC6756A1}.Release|Any CPU.ActiveCfg = Release|Any CPU
		{C7F42566-980A-4355-BA1B-B87EAC6756A1}.Release|Any CPU.Build.0 = Release|Any CPU
		{04552180-BD13-499F-955E-91B740A7A4D2}.Debug|Any CPU.ActiveCfg = Debug|Any CPU
		{04552180-BD13-499F-955E-91B740A7A4D2}.Debug|Any CPU.Build.0 = Debug|Any CPU
		{04552180-BD13-499F-955E-91B740A7A4D2}.Release|Any CPU.ActiveCfg = Release|Any CPU
		{04552180-BD13-499F-955E-91B740A7A4D2}.Release|Any CPU.Build.0 = Release|Any CPU
		{0C344AB1-7688-42E1-8560-1C0CF0938514}.Debug|Any CPU.ActiveCfg = Debug|Any CPU
		{0C344AB1-7688-42E1-8560-1C0CF0938514}.Debug|Any CPU.Build.0 = Debug|Any CPU
		{0C344AB1-7688-42E1-8560-1C0CF0938514}.Release|Any CPU.ActiveCfg = Release|Any CPU
		{0C344AB1-7688-42E1-8560-1C0CF0938514}.Release|Any CPU.Build.0 = Release|Any CPU
		{6B45B0EB-EA15-4945-9318-A0708E9FFB5F}.Debug|Any CPU.ActiveCfg = Debug|Any CPU
		{6B45B0EB-EA15-4945-9318-A0708E9FFB5F}.Debug|Any CPU.Build.0 = Debug|Any CPU
		{6B45B0EB-EA15-4945-9318-A0708E9FFB5F}.Release|Any CPU.ActiveCfg = Release|Any CPU
		{6B45B0EB-EA15-4945-9318-A0708E9FFB5F}.Release|Any CPU.Build.0 = Release|Any CPU
		{1C040CA7-A4A1-42A2-A3E2-FAC347024AFF}.Debug|Any CPU.ActiveCfg = Debug|Any CPU
		{1C040CA7-A4A1-42A2-A3E2-FAC347024AFF}.Debug|Any CPU.Build.0 = Debug|Any CPU
		{1C040CA7-A4A1-42A2-A3E2-FAC347024AFF}.Release|Any CPU.ActiveCfg = Release|Any CPU
		{1C040CA7-A4A1-42A2-A3E2-FAC347024AFF}.Release|Any CPU.Build.0 = Release|Any CPU
		{04F5C148-9FC0-4444-A9F3-AB2F0D0CC9CF}.Debug|Any CPU.ActiveCfg = Debug|Any CPU
		{04F5C148-9FC0-4444-A9F3-AB2F0D0CC9CF}.Debug|Any CPU.Build.0 = Debug|Any CPU
		{04F5C148-9FC0-4444-A9F3-AB2F0D0CC9CF}.Release|Any CPU.ActiveCfg = Release|Any CPU
		{04F5C148-9FC0-4444-A9F3-AB2F0D0CC9CF}.Release|Any CPU.Build.0 = Release|Any CPU
		{384A5378-01FD-45A9-8E7F-8DCBF4F2C815}.Debug|Any CPU.ActiveCfg = Debug|Any CPU
		{384A5378-01FD-45A9-8E7F-8DCBF4F2C815}.Debug|Any CPU.Build.0 = Debug|Any CPU
		{384A5378-01FD-45A9-8E7F-8DCBF4F2C815}.Release|Any CPU.ActiveCfg = Release|Any CPU
		{384A5378-01FD-45A9-8E7F-8DCBF4F2C815}.Release|Any CPU.Build.0 = Release|Any CPU
		{BF2379EE-90CC-4EE1-8C53-B20E7A637C3D}.Debug|Any CPU.ActiveCfg = Debug|Any CPU
		{BF2379EE-90CC-4EE1-8C53-B20E7A637C3D}.Debug|Any CPU.Build.0 = Debug|Any CPU
		{BF2379EE-90CC-4EE1-8C53-B20E7A637C3D}.Release|Any CPU.ActiveCfg = Release|Any CPU
		{BF2379EE-90CC-4EE1-8C53-B20E7A637C3D}.Release|Any CPU.Build.0 = Release|Any CPU
		{89EF5881-D27A-4AA5-93EA-674CE15EA6FF}.Debug|Any CPU.ActiveCfg = Debug|Any CPU
		{89EF5881-D27A-4AA5-93EA-674CE15EA6FF}.Debug|Any CPU.Build.0 = Debug|Any CPU
		{89EF5881-D27A-4AA5-93EA-674CE15EA6FF}.Release|Any CPU.ActiveCfg = Release|Any CPU
		{89EF5881-D27A-4AA5-93EA-674CE15EA6FF}.Release|Any CPU.Build.0 = Release|Any CPU
	EndGlobalSection
	GlobalSection(SolutionProperties) = preSolution
		HideSolutionNode = FALSE
	EndGlobalSection
	GlobalSection(ExtensibilityGlobals) = postSolution
		SolutionGuid = {0A33EBB0-5797-431C-9B9D-273C89A3A7B6}
	EndGlobalSection
EndGlobal
